
Microsoft Visual Studio Solution File, Format Version 12.00
# Visual Studio 15
VisualStudioVersion = 15.0.27703.2000
MinimumVisualStudioVersion = 10.0.40219.1
Project("{FAE04EC0-301F-11D3-BF4B-00C04F79EFBC}") = "Jellyfish.Demo", "Jellyfish.Demo\Jellyfish.Demo.csproj", "{E23F0C6D-B195-463C-86E1-1BA4BFB59F8E}"
EndProject
Project("{FAE04EC0-301F-11D3-BF4B-00C04F79EFBC}") = "Jellyfish.Tests", "Jellyfish.Tests\Jellyfish.Tests.csproj", "{318667C3-1F25-411A-83FE-5D6C4E92945D}"
EndProject
Project("{9A19103F-16F7-4668-BE54-9A1E7A4F7556}") = "Jellyfish", "Jellyfish\Jellyfish.csproj", "{90C05D61-B9D1-4CC7-A3AE-0F0E39105C2B}"
EndProject
Project("{9A19103F-16F7-4668-BE54-9A1E7A4F7556}") = "Jellyfish.Wpf", "Jellyfish.Wpf\Jellyfish.Wpf.csproj", "{206239A8-5850-4157-8C9C-80D41FCBEB6E}"
EndProject
Global
	GlobalSection(SolutionConfigurationPlatforms) = preSolution
		Debug|Any CPU = Debug|Any CPU
		Release|Any CPU = Release|Any CPU
	EndGlobalSection
	GlobalSection(ProjectConfigurationPlatforms) = postSolution
		{E23F0C6D-B195-463C-86E1-1BA4BFB59F8E}.Debug|Any CPU.ActiveCfg = Debug|Any CPU
		{E23F0C6D-B195-463C-86E1-1BA4BFB59F8E}.Debug|Any CPU.Build.0 = Debug|Any CPU
		{E23F0C6D-B195-463C-86E1-1BA4BFB59F8E}.Release|Any CPU.ActiveCfg = Release|Any CPU
		{E23F0C6D-B195-463C-86E1-1BA4BFB59F8E}.Release|Any CPU.Build.0 = Release|Any CPU
		{318667C3-1F25-411A-83FE-5D6C4E92945D}.Debug|Any CPU.ActiveCfg = Debug|Any CPU
		{318667C3-1F25-411A-83FE-5D6C4E92945D}.Debug|Any CPU.Build.0 = Debug|Any CPU
		{318667C3-1F25-411A-83FE-5D6C4E92945D}.Release|Any CPU.ActiveCfg = Release|Any CPU
		{318667C3-1F25-411A-83FE-5D6C4E92945D}.Release|Any CPU.Build.0 = Release|Any CPU
		{90C05D61-B9D1-4CC7-A3AE-0F0E39105C2B}.Debug|Any CPU.ActiveCfg = Debug|Any CPU
		{90C05D61-B9D1-4CC7-A3AE-0F0E39105C2B}.Debug|Any CPU.Build.0 = Debug|Any CPU
		{90C05D61-B9D1-4CC7-A3AE-0F0E39105C2B}.Release|Any CPU.ActiveCfg = Release|Any CPU
		{90C05D61-B9D1-4CC7-A3AE-0F0E39105C2B}.Release|Any CPU.Build.0 = Release|Any CPU
		{206239A8-5850-4157-8C9C-80D41FCBEB6E}.Debug|Any CPU.ActiveCfg = Debug|Any CPU
		{206239A8-5850-4157-8C9C-80D41FCBEB6E}.Debug|Any CPU.Build.0 = Debug|Any CPU
		{206239A8-5850-4157-8C9C-80D41FCBEB6E}.Release|Any CPU.ActiveCfg = Release|Any CPU
		{206239A8-5850-4157-8C9C-80D41FCBEB6E}.Release|Any CPU.Build.0 = Release|Any CPU
	EndGlobalSection
	GlobalSection(SolutionProperties) = preSolution
		HideSolutionNode = FALSE
	EndGlobalSection
	GlobalSection(ExtensibilityGlobals) = postSolution
		SolutionGuid = {53BE1434-4867-4E1C-BA85-7345EB92CA7D}
	EndGlobalSection
EndGlobal
