
Microsoft Visual Studio Solution File, Format Version 12.00
# Visual Studio 15
VisualStudioVersion = 15.0.28010.2003
MinimumVisualStudioVersion = 10.0.40219.1
Project("{FAE04EC0-301F-11D3-BF4B-00C04F79EFBC}") = "Jellyfish.Templates.MVVM.UserControl", "Jellyfish.Templates.MVVM.UserControl\Jellyfish.Templates.MVVM.UserControl.csproj", "{9CE931D7-BD54-4F9B-91A9-220BACF4B06C}"
EndProject
Project("{FAE04EC0-301F-11D3-BF4B-00C04F79EFBC}") = "Jellyfish.Wizard", "Jellyfish.VSIX\Jellyfish.Wizard.csproj", "{7EDBDA62-3F90-4416-BE4E-9DFB6CEF9A03}"
EndProject
Project("{FAE04EC0-301F-11D3-BF4B-00C04F79EFBC}") = "Jellyfish.Templates.Project", "Jellyfish.Templates.Project\Jellyfish.Templates.Project.csproj", "{67F0CF5A-45A0-4FC4-A19E-DFB783986CC6}"
EndProject
Global
	GlobalSection(SolutionConfigurationPlatforms) = preSolution
		Debug|Any CPU = Debug|Any CPU
		Release|Any CPU = Release|Any CPU
	EndGlobalSection
	GlobalSection(ProjectConfigurationPlatforms) = postSolution
		{9CE931D7-BD54-4F9B-91A9-220BACF4B06C}.Debug|Any CPU.ActiveCfg = Debug|Any CPU
		{9CE931D7-BD54-4F9B-91A9-220BACF4B06C}.Debug|Any CPU.Build.0 = Debug|Any CPU
		{9CE931D7-BD54-4F9B-91A9-220BACF4B06C}.Release|Any CPU.ActiveCfg = Release|Any CPU
		{9CE931D7-BD54-4F9B-91A9-220BACF4B06C}.Release|Any CPU.Build.0 = Release|Any CPU
		{7EDBDA62-3F90-4416-BE4E-9DFB6CEF9A03}.Debug|Any CPU.ActiveCfg = Debug|Any CPU
		{7EDBDA62-3F90-4416-BE4E-9DFB6CEF9A03}.Debug|Any CPU.Build.0 = Debug|Any CPU
		{7EDBDA62-3F90-4416-BE4E-9DFB6CEF9A03}.Release|Any CPU.ActiveCfg = Release|Any CPU
		{7EDBDA62-3F90-4416-BE4E-9DFB6CEF9A03}.Release|Any CPU.Build.0 = Release|Any CPU
		{67F0CF5A-45A0-4FC4-A19E-DFB783986CC6}.Debug|Any CPU.ActiveCfg = Debug|Any CPU
		{67F0CF5A-45A0-4FC4-A19E-DFB783986CC6}.Debug|Any CPU.Build.0 = Debug|Any CPU
		{67F0CF5A-45A0-4FC4-A19E-DFB783986CC6}.Release|Any CPU.ActiveCfg = Release|Any CPU
		{67F0CF5A-45A0-4FC4-A19E-DFB783986CC6}.Release|Any CPU.Build.0 = Release|Any CPU
	EndGlobalSection
	GlobalSection(SolutionProperties) = preSolution
		HideSolutionNode = FALSE
	EndGlobalSection
	GlobalSection(ExtensibilityGlobals) = postSolution
		SolutionGuid = {EF33B48E-14AC-44E9-A0B4-80DC48E49AC6}
	EndGlobalSection
EndGlobal
